{
  "name": "server",
  "lockfileVersion": 2,
  "requires": true,
  "packages": {
    "": {
      "dependencies": {
        "friendly-username-generator": "^2.0.4",
        "uuid": "^9.0.0",
        "uWebSockets.js": "github:uNetworking/uWebSockets.js#v20.15.0"
      },
    },
    "node_modules/friendly-username-generator": {
      "version": "2.0.4",
      "resolved": "https://registry.npmjs.org/friendly-username-generator/-/friendly-username-generator-2.0.4.tgz",
      "integrity": "sha512-718y2+j8A28eEsR3AOK4Tp0U/69svwnE6CMtXAvleXHubDim/CsOc2EU4MGBkShB1WzMTO4iO/10JrKaiCc2Sw=="
    },
    "node_modules/uuid": {
      "version": "9.0.0",
      "resolved": "https://registry.npmjs.org/uuid/-/uuid-9.0.0.tgz",
      "integrity": "sha512-MXcSTerfPa4uqyzStbRoTgt5XIe3x5+42+q1sDuy3R5MDk66URdLMOZe5aPX/SQd+kuYAh0FdP/pO28IkQyTeg==",
      "bin": {
        "uuid": "dist/bin/uuid"
      }
    },
    "node_modules/uWebSockets.js": {
      "version": "20.15.0",
      "resolved": "git+ssh://git@github.com/uNetworking/uWebSockets.js.git#77bc1fd5577ae42b56675912eb8481a31f3fefd2"
    }
  },
  "dependencies": {
    "friendly-username-generator": {
      "version": "2.0.4",
      "resolved": "https://registry.npmjs.org/friendly-username-generator/-/friendly-username-generator-2.0.4.tgz",
      "integrity": "sha512-718y2+j8A28eEsR3AOK4Tp0U/69svwnE6CMtXAvleXHubDim/CsOc2EU4MGBkShB1WzMTO4iO/10JrKaiCc2Sw=="
    },
    "uuid": {
      "version": "9.0.0",
      "resolved": "https://registry.npmjs.org/uuid/-/uuid-9.0.0.tgz",
      "integrity": "sha512-MXcSTerfPa4uqyzStbRoTgt5XIe3x5+42+q1sDuy3R5MDk66URdLMOZe5aPX/SQd+kuYAh0FdP/pO28IkQyTeg=="
    },
    "uWebSockets.js": {
      "version": "git+ssh://git@github.com/uNetworking/uWebSockets.js.git#77bc1fd5577ae42b56675912eb8481a31f3fefd2",
      "from": "uWebSockets.js@github:uNetworking/uWebSockets.js#v20.15.0"
    }
  }
}
